
Microsoft Visual Studio Solution File, Format Version 12.00
# Visual Studio 15
Project("{FAE04EC0-301F-11D3-BF4B-00C04F79EFBC}") = "UnityEngine.UI", "UnityEngine.UI.csproj", "{F8AABD4A-1687-32D8-2D28-1DDABCA1E5D7}"
EndProject
Project("{FAE04EC0-301F-11D3-BF4B-00C04F79EFBC}") = "SteamVR", "SteamVR.csproj", "{AF6931BE-4DAA-98E0-82B1-621C655439E1}"
EndProject
Project("{FAE04EC0-301F-11D3-BF4B-00C04F79EFBC}") = "Oculus.Platform", "Oculus.Platform.csproj", "{CF434401-49A5-2DCC-F793-D7607652E0DB}"
EndProject
Project("{FAE04EC0-301F-11D3-BF4B-00C04F79EFBC}") = "Unity.RenderPipelines.Core.Runtime", "Unity.RenderPipelines.Core.Runtime.csproj", "{31235A02-CB97-70A6-F7E0-4A914CD433B9}"
EndProject
Project("{FAE04EC0-301F-11D3-BF4B-00C04F79EFBC}") = "Assembly-CSharp", "Assembly-CSharp.csproj", "{0A006B25-6C26-63BE-1612-DE0FD7597F5B}"
EndProject
Project("{FAE04EC0-301F-11D3-BF4B-00C04F79EFBC}") = "Oculus.Interaction", "Oculus.Interaction.csproj", "{DB3AB31A-9842-50EA-75E6-E0392E2887E2}"
EndProject
Project("{FAE04EC0-301F-11D3-BF4B-00C04F79EFBC}") = "Unity.RenderPipelines.Universal.Runtime", "Unity.RenderPipelines.Universal.Runtime.csproj", "{354D9C39-89A9-E6C1-B826-5ADCC500C64A}"
EndProject
Project("{FAE04EC0-301F-11D3-BF4B-00C04F79EFBC}") = "Oculus.VR", "Oculus.VR.csproj", "{9A9900C8-13E4-4755-2B56-7A33DB637B22}"
EndProject
Project("{FAE04EC0-301F-11D3-BF4B-00C04F79EFBC}") = "Unity.RenderPipeline.Universal.ShaderLibrary", "Unity.RenderPipeline.Universal.ShaderLibrary.csproj", "{E94EE8C4-99C8-6D0E-AE24-ED929A94C564}"
EndProject
Project("{FAE04EC0-301F-11D3-BF4B-00C04F79EFBC}") = "VoiceSDK.Dictation.Runtime", "VoiceSDK.Dictation.Runtime.csproj", "{1ED2082F-EC9B-D639-1077-FF20D3D68198}"
EndProject
Project("{FAE04EC0-301F-11D3-BF4B-00C04F79EFBC}") = "VoiceSDK.Runtime", "VoiceSDK.Runtime.csproj", "{102BAB39-0D20-B1FB-A3DF-041C8EDCEEB6}"
EndProject
Project("{FAE04EC0-301F-11D3-BF4B-00C04F79EFBC}") = "Facebook.WitAI", "Facebook.WitAI.csproj", "{E5924F66-217F-07A3-5442-E67DFA850476}"
EndProject
Project("{FAE04EC0-301F-11D3-BF4B-00C04F79EFBC}") = "Oculus.Interaction.OVR.Samples", "Oculus.Interaction.OVR.Samples.csproj", "{17EBF106-2992-438E-9B06-31BA51067B0E}"
EndProject
Project("{FAE04EC0-301F-11D3-BF4B-00C04F79EFBC}") = "Oculus.Voice.Demo", "Oculus.Voice.Demo.csproj", "{3709E6F8-FFAF-99AF-B7E0-6296538ED4C5}"
EndProject
Project("{FAE04EC0-301F-11D3-BF4B-00C04F79EFBC}") = "Oculus.Interaction.OVR", "Oculus.Interaction.OVR.csproj", "{60073E38-F2F3-21A2-7C49-87B1ECA466CE}"
EndProject
Project("{FAE04EC0-301F-11D3-BF4B-00C04F79EFBC}") = "Unity.VisualEffectGraph.Runtime", "Unity.VisualEffectGraph.Runtime.csproj", "{79B3CC6C-6EF0-D83A-E022-8CC254641061}"
EndProject
Project("{FAE04EC0-301F-11D3-BF4B-00C04F79EFBC}") = "AssistantCoreSDKRuntime", "AssistantCoreSDKRuntime.csproj", "{9E113FA1-3563-F9E0-7928-8134CC68510F}"
EndProject
Project("{FAE04EC0-301F-11D3-BF4B-00C04F79EFBC}") = "LitJson", "LitJson.csproj", "{E4373217-9EDB-034A-C6EA-B59B139B9864}"
EndProject
Project("{FAE04EC0-301F-11D3-BF4B-00C04F79EFBC}") = "Oculus.AudioManager", "Oculus.AudioManager.csproj", "{A2D4C983-EFE6-4ECA-923F-7B7D1ACEBA89}"
EndProject
Project("{FAE04EC0-301F-11D3-BF4B-00C04F79EFBC}") = "Oculus.LipSync", "Oculus.LipSync.csproj", "{666C0C3A-BEBA-96F7-7A70-A6080C184AAA}"
EndProject
Project("{FAE04EC0-301F-11D3-BF4B-00C04F79EFBC}") = "ControllerSample", "ControllerSample.csproj", "{E11F3503-9961-FDF4-731F-B7B2235C4077}"
EndProject
Project("{FAE04EC0-301F-11D3-BF4B-00C04F79EFBC}") = "Oculus.Spatializer", "Oculus.Spatializer.csproj", "{4E3B76EE-1575-08A6-B4EA-D1283836104D}"
EndProject
Project("{FAE04EC0-301F-11D3-BF4B-00C04F79EFBC}") = "Facebook.Wit.Conduit", "Facebook.Wit.Conduit.csproj", "{FFF76EA0-6516-AB6A-E8DC-DA6BBAE25B10}"
EndProject
Project("{FAE04EC0-301F-11D3-BF4B-00C04F79EFBC}") = "Facebook.Wit.Dictation", "Facebook.Wit.Dictation.csproj", "{AF28EF9C-370A-230D-B9CE-D41A6A6B3647}"
EndProject
Project("{FAE04EC0-301F-11D3-BF4B-00C04F79EFBC}") = "Facebook.Wit.TTS", "Facebook.Wit.TTS.csproj", "{19BCC902-B2F7-1E35-D78C-E7343675B0E5}"
EndProject
Project("{FAE04EC0-301F-11D3-BF4B-00C04F79EFBC}") = "Facebook.Wit.TTS.Samples", "Facebook.Wit.TTS.Samples.csproj", "{CC73BB37-D559-BF24-583B-64EC30DAD7A0}"
EndProject
Project("{FAE04EC0-301F-11D3-BF4B-00C04F79EFBC}") = "Unity.RenderPipelines.ShaderGraph.ShaderGraphLibrary", "Unity.RenderPipelines.ShaderGraph.ShaderGraphLibrary.csproj", "{670BD055-3155-FDCF-BD69-156ADABF9629}"
EndProject
Project("{FAE04EC0-301F-11D3-BF4B-00C04F79EFBC}") = "Unity.RenderPipelines.Core.ShaderLibrary", "Unity.RenderPipelines.Core.ShaderLibrary.csproj", "{0CC4AED3-D29F-46B3-139C-6583BFC7CC2A}"
EndProject
Project("{FAE04EC0-301F-11D3-BF4B-00C04F79EFBC}") = "Unity.RenderPipelines.Universal.Shaders", "Unity.RenderPipelines.Universal.Shaders.csproj", "{1D306926-3E70-BE4E-F213-9668695028C0}"
EndProject
Project("{FAE04EC0-301F-11D3-BF4B-00C04F79EFBC}") = "Unity.ShaderGraph.Editor", "Unity.ShaderGraph.Editor.csproj", "{4BA6A022-2825-1B8E-576F-A02BAA364BF2}"
EndProject
Project("{FAE04EC0-301F-11D3-BF4B-00C04F79EFBC}") = "Facebook.Wit.Editor", "Facebook.Wit.Editor.csproj", "{467D07FE-4DC4-C1F9-A278-2E6C747CADFB}"
EndProject
Project("{FAE04EC0-301F-11D3-BF4B-00C04F79EFBC}") = "Unity.VisualEffectGraph.Editor", "Unity.VisualEffectGraph.Editor.csproj", "{85A18738-30E2-067E-35DE-EFA72F2B64D8}"
EndProject
Project("{FAE04EC0-301F-11D3-BF4B-00C04F79EFBC}") = "Unity.RenderPipelines.Universal.Editor", "Unity.RenderPipelines.Universal.Editor.csproj", "{B23C40BF-E401-080C-B8ED-4DC6DA04E274}"
EndProject
Project("{FAE04EC0-301F-11D3-BF4B-00C04F79EFBC}") = "SteamVR_Input_Editor", "SteamVR_Input_Editor.csproj", "{60F60529-C3B0-DB3E-3AC1-FA12F22B45CC}"
EndProject
Project("{FAE04EC0-301F-11D3-BF4B-00C04F79EFBC}") = "Unity.RenderPipelines.Core.Editor", "Unity.RenderPipelines.Core.Editor.csproj", "{0313122B-A32E-68A6-5665-08DD4FB3288C}"
EndProject
Project("{FAE04EC0-301F-11D3-BF4B-00C04F79EFBC}") = "Facebook.Wit.Conduit.Editor", "Facebook.Wit.Conduit.Editor.csproj", "{46B7FA3E-7B5D-7A46-8372-503EC643DACE}"
EndProject
Project("{FAE04EC0-301F-11D3-BF4B-00C04F79EFBC}") = "Oculus.Interaction.Editor", "Oculus.Interaction.Editor.csproj", "{FB845B58-5D0B-F59F-AF82-CCD590D6835C}"
EndProject
Project("{FAE04EC0-301F-11D3-BF4B-00C04F79EFBC}") = "Assembly-CSharp-Editor", "Assembly-CSharp-Editor.csproj", "{248E1110-929A-4A55-4CB5-83E5746D01E4}"
EndProject
Project("{FAE04EC0-301F-11D3-BF4B-00C04F79EFBC}") = "PPv2URPConverters", "PPv2URPConverters.csproj", "{0D77EE21-527E-F32C-2615-38A7C62B24E8}"
EndProject
Project("{FAE04EC0-301F-11D3-BF4B-00C04F79EFBC}") = "Oculus.Spatializer.Editor", "Oculus.Spatializer.Editor.csproj", "{6918267F-D76D-D772-086F-2E7149CDAA67}"
EndProject
Project("{FAE04EC0-301F-11D3-BF4B-00C04F79EFBC}") = "Facebook.Wit.TTS.Editor", "Facebook.Wit.TTS.Editor.csproj", "{D77941C3-476E-3172-5852-770F1FFAE3CD}"
EndProject
Project("{FAE04EC0-301F-11D3-BF4B-00C04F79EFBC}") = "UnityEditor.UI", "UnityEditor.UI.csproj", "{BA4983D2-9D92-C638-5127-CE2CA8EDC8BD}"
EndProject
Project("{FAE04EC0-301F-11D3-BF4B-00C04F79EFBC}") = "VoiceSDK.Dictation.Editor", "VoiceSDK.Dictation.Editor.csproj", "{DFCDA417-0B00-A2B2-8192-B4CD73F582D1}"
EndProject
Project("{FAE04EC0-301F-11D3-BF4B-00C04F79EFBC}") = "Oculus.Interaction.OVR.Editor", "Oculus.Interaction.OVR.Editor.csproj", "{F4B586B5-D01F-225D-F9D1-4869BFAD48B5}"
EndProject
Project("{FAE04EC0-301F-11D3-BF4B-00C04F79EFBC}") = "Oculus.Platform.Editor", "Oculus.Platform.Editor.csproj", "{95D14D9F-327F-FB65-92E5-956BDAE13DEE}"
EndProject
Project("{FAE04EC0-301F-11D3-BF4B-00C04F79EFBC}") = "VoiceSDK.Editor", "VoiceSDK.Editor.csproj", "{B3671B99-5F1F-C867-C2E1-64551284B877}"
EndProject
Project("{FAE04EC0-301F-11D3-BF4B-00C04F79EFBC}") = "Oculus.AudioManager.Audio.Editor", "Oculus.AudioManager.Audio.Editor.csproj", "{5B2895B8-75DA-6C75-91A3-54F7E425712B}"
EndProject
Project("{FAE04EC0-301F-11D3-BF4B-00C04F79EFBC}") = "Oculus.VR.Scripts.Editor", "Oculus.VR.Scripts.Editor.csproj", "{760B00E2-0D89-2325-296E-74B2A0A86CDB}"
EndProject
Project("{FAE04EC0-301F-11D3-BF4B-00C04F79EFBC}") = "Unity.XR.Management.Samples.Editor", "Unity.XR.Management.Samples.Editor.csproj", "{6AC1C8C5-AA92-A5C1-EC49-C0C889142675}"
EndProject
Project("{FAE04EC0-301F-11D3-BF4B-00C04F79EFBC}") = "SteamVR_Editor", "SteamVR_Editor.csproj", "{CCA88839-C3A2-B7A1-208E-26B85D18D862}"
EndProject
Project("{FAE04EC0-301F-11D3-BF4B-00C04F79EFBC}") = "Unity.ShaderGraph.Utilities", "Unity.ShaderGraph.Utilities.csproj", "{FE17B50A-6649-0530-779F-5C3592B1ABC2}"
EndProject
Project("{FAE04EC0-301F-11D3-BF4B-00C04F79EFBC}") = "Oculus.VR.Editor", "Oculus.VR.Editor.csproj", "{B5D8AB44-B33C-22D8-118F-C847ECFC3885}"
EndProject
Project("{FAE04EC0-301F-11D3-BF4B-00C04F79EFBC}") = "Oculus.LipSync.Editor", "Oculus.LipSync.Editor.csproj", "{97D6B7E5-5FB8-C5F7-4A5C-F1E5AAF12568}"
EndProject
Project("{FAE04EC0-301F-11D3-BF4B-00C04F79EFBC}") = "Unity.XR.Management.Samples", "Unity.XR.Management.Samples.csproj", "{41872CD3-F9DE-040A-9661-1F2703BC66B0}"
EndProject
Project("{FAE04EC0-301F-11D3-BF4B-00C04F79EFBC}") = "Oculus.AudioManager.Utils.Editor", "Oculus.AudioManager.Utils.Editor.csproj", "{7E1E3804-E08C-532D-74F4-D3FDA207AF11}"
EndProject
Project("{FAE04EC0-301F-11D3-BF4B-00C04F79EFBC}") = "Oculus.Interaction.Samples.Editor", "Oculus.Interaction.Samples.Editor.csproj", "{7940FEEF-5A59-593B-13D0-A96242556AD4}"
EndProject
Project("{FAE04EC0-301F-11D3-BF4B-00C04F79EFBC}") = "Facebook.Wit.Dictation.Editor", "Facebook.Wit.Dictation.Editor.csproj", "{A94DF6FC-B089-0660-14E5-F348C0993588}"
EndProject
Project("{FAE04EC0-301F-11D3-BF4B-00C04F79EFBC}") = "Oculus.Interaction.InterfaceSupport", "Oculus.Interaction.InterfaceSupport.csproj", "{5A442F09-2D25-0822-37A1-84B9C6422664}"
EndProject
Project("{FAE04EC0-301F-11D3-BF4B-00C04F79EFBC}") = "AssistantCoreSDKEditor", "AssistantCoreSDKEditor.csproj", "{1CAE1483-5E85-E023-D279-DD6FD4259C27}"
EndProject
Project("{FAE04EC0-301F-11D3-BF4B-00C04F79EFBC}") = "SteamVR_Windows_EditorHelper", "SteamVR_Windows_EditorHelper.csproj", "{0D74CC75-D605-D422-C8B0-6FD5D3C182C3}"
EndProject
Global
	GlobalSection(SolutionConfigurationPlatforms) = preSolution
		Debug|Any CPU = Debug|Any CPU
		Release|Any CPU = Release|Any CPU
	EndGlobalSection
	GlobalSection(ProjectConfigurationPlatforms) = postSolution
		{F8AABD4A-1687-32D8-2D28-1DDABCA1E5D7}.Debug|Any CPU.ActiveCfg = Debug|Any CPU
		{F8AABD4A-1687-32D8-2D28-1DDABCA1E5D7}.Debug|Any CPU.Build.0 = Debug|Any CPU
		{F8AABD4A-1687-32D8-2D28-1DDABCA1E5D7}.Release|Any CPU.ActiveCfg = Release|Any CPU
		{F8AABD4A-1687-32D8-2D28-1DDABCA1E5D7}.Release|Any CPU.Build.0 = Release|Any CPU
		{AF6931BE-4DAA-98E0-82B1-621C655439E1}.Debug|Any CPU.ActiveCfg = Debug|Any CPU
		{AF6931BE-4DAA-98E0-82B1-621C655439E1}.Debug|Any CPU.Build.0 = Debug|Any CPU
		{AF6931BE-4DAA-98E0-82B1-621C655439E1}.Release|Any CPU.ActiveCfg = Release|Any CPU
		{AF6931BE-4DAA-98E0-82B1-621C655439E1}.Release|Any CPU.Build.0 = Release|Any CPU
		{CF434401-49A5-2DCC-F793-D7607652E0DB}.Debug|Any CPU.ActiveCfg = Debug|Any CPU
		{CF434401-49A5-2DCC-F793-D7607652E0DB}.Debug|Any CPU.Build.0 = Debug|Any CPU
		{CF434401-49A5-2DCC-F793-D7607652E0DB}.Release|Any CPU.ActiveCfg = Release|Any CPU
		{CF434401-49A5-2DCC-F793-D7607652E0DB}.Release|Any CPU.Build.0 = Release|Any CPU
		{31235A02-CB97-70A6-F7E0-4A914CD433B9}.Debug|Any CPU.ActiveCfg = Debug|Any CPU
		{31235A02-CB97-70A6-F7E0-4A914CD433B9}.Debug|Any CPU.Build.0 = Debug|Any CPU
		{31235A02-CB97-70A6-F7E0-4A914CD433B9}.Release|Any CPU.ActiveCfg = Release|Any CPU
		{31235A02-CB97-70A6-F7E0-4A914CD433B9}.Release|Any CPU.Build.0 = Release|Any CPU
		{0A006B25-6C26-63BE-1612-DE0FD7597F5B}.Debug|Any CPU.ActiveCfg = Debug|Any CPU
		{0A006B25-6C26-63BE-1612-DE0FD7597F5B}.Debug|Any CPU.Build.0 = Debug|Any CPU
		{0A006B25-6C26-63BE-1612-DE0FD7597F5B}.Release|Any CPU.ActiveCfg = Release|Any CPU
		{0A006B25-6C26-63BE-1612-DE0FD7597F5B}.Release|Any CPU.Build.0 = Release|Any CPU
		{DB3AB31A-9842-50EA-75E6-E0392E2887E2}.Debug|Any CPU.ActiveCfg = Debug|Any CPU
		{DB3AB31A-9842-50EA-75E6-E0392E2887E2}.Debug|Any CPU.Build.0 = Debug|Any CPU
		{DB3AB31A-9842-50EA-75E6-E0392E2887E2}.Release|Any CPU.ActiveCfg = Release|Any CPU
		{DB3AB31A-9842-50EA-75E6-E0392E2887E2}.Release|Any CPU.Build.0 = Release|Any CPU
		{354D9C39-89A9-E6C1-B826-5ADCC500C64A}.Debug|Any CPU.ActiveCfg = Debug|Any CPU
		{354D9C39-89A9-E6C1-B826-5ADCC500C64A}.Debug|Any CPU.Build.0 = Debug|Any CPU
		{354D9C39-89A9-E6C1-B826-5ADCC500C64A}.Release|Any CPU.ActiveCfg = Release|Any CPU
		{354D9C39-89A9-E6C1-B826-5ADCC500C64A}.Release|Any CPU.Build.0 = Release|Any CPU
		{9A9900C8-13E4-4755-2B56-7A33DB637B22}.Debug|Any CPU.ActiveCfg = Debug|Any CPU
		{9A9900C8-13E4-4755-2B56-7A33DB637B22}.Debug|Any CPU.Build.0 = Debug|Any CPU
		{9A9900C8-13E4-4755-2B56-7A33DB637B22}.Release|Any CPU.ActiveCfg = Release|Any CPU
		{9A9900C8-13E4-4755-2B56-7A33DB637B22}.Release|Any CPU.Build.0 = Release|Any CPU
		{E94EE8C4-99C8-6D0E-AE24-ED929A94C564}.Debug|Any CPU.ActiveCfg = Debug|Any CPU
		{E94EE8C4-99C8-6D0E-AE24-ED929A94C564}.Debug|Any CPU.Build.0 = Debug|Any CPU
		{E94EE8C4-99C8-6D0E-AE24-ED929A94C564}.Release|Any CPU.ActiveCfg = Release|Any CPU
		{E94EE8C4-99C8-6D0E-AE24-ED929A94C564}.Release|Any CPU.Build.0 = Release|Any CPU
		{1ED2082F-EC9B-D639-1077-FF20D3D68198}.Debug|Any CPU.ActiveCfg = Debug|Any CPU
		{1ED2082F-EC9B-D639-1077-FF20D3D68198}.Debug|Any CPU.Build.0 = Debug|Any CPU
		{1ED2082F-EC9B-D639-1077-FF20D3D68198}.Release|Any CPU.ActiveCfg = Release|Any CPU
		{1ED2082F-EC9B-D639-1077-FF20D3D68198}.Release|Any CPU.Build.0 = Release|Any CPU
		{102BAB39-0D20-B1FB-A3DF-041C8EDCEEB6}.Debug|Any CPU.ActiveCfg = Debug|Any CPU
		{102BAB39-0D20-B1FB-A3DF-041C8EDCEEB6}.Debug|Any CPU.Build.0 = Debug|Any CPU
		{102BAB39-0D20-B1FB-A3DF-041C8EDCEEB6}.Release|Any CPU.ActiveCfg = Release|Any CPU
		{102BAB39-0D20-B1FB-A3DF-041C8EDCEEB6}.Release|Any CPU.Build.0 = Release|Any CPU
		{E5924F66-217F-07A3-5442-E67DFA850476}.Debug|Any CPU.ActiveCfg = Debug|Any CPU
		{E5924F66-217F-07A3-5442-E67DFA850476}.Debug|Any CPU.Build.0 = Debug|Any CPU
		{E5924F66-217F-07A3-5442-E67DFA850476}.Release|Any CPU.ActiveCfg = Release|Any CPU
		{E5924F66-217F-07A3-5442-E67DFA850476}.Release|Any CPU.Build.0 = Release|Any CPU
		{17EBF106-2992-438E-9B06-31BA51067B0E}.Debug|Any CPU.ActiveCfg = Debug|Any CPU
		{17EBF106-2992-438E-9B06-31BA51067B0E}.Debug|Any CPU.Build.0 = Debug|Any CPU
		{17EBF106-2992-438E-9B06-31BA51067B0E}.Release|Any CPU.ActiveCfg = Release|Any CPU
		{17EBF106-2992-438E-9B06-31BA51067B0E}.Release|Any CPU.Build.0 = Release|Any CPU
		{3709E6F8-FFAF-99AF-B7E0-6296538ED4C5}.Debug|Any CPU.ActiveCfg = Debug|Any CPU
		{3709E6F8-FFAF-99AF-B7E0-6296538ED4C5}.Debug|Any CPU.Build.0 = Debug|Any CPU
		{3709E6F8-FFAF-99AF-B7E0-6296538ED4C5}.Release|Any CPU.ActiveCfg = Release|Any CPU
		{3709E6F8-FFAF-99AF-B7E0-6296538ED4C5}.Release|Any CPU.Build.0 = Release|Any CPU
		{60073E38-F2F3-21A2-7C49-87B1ECA466CE}.Debug|Any CPU.ActiveCfg = Debug|Any CPU
		{60073E38-F2F3-21A2-7C49-87B1ECA466CE}.Debug|Any CPU.Build.0 = Debug|Any CPU
		{60073E38-F2F3-21A2-7C49-87B1ECA466CE}.Release|Any CPU.ActiveCfg = Release|Any CPU
		{60073E38-F2F3-21A2-7C49-87B1ECA466CE}.Release|Any CPU.Build.0 = Release|Any CPU
		{79B3CC6C-6EF0-D83A-E022-8CC254641061}.Debug|Any CPU.ActiveCfg = Debug|Any CPU
		{79B3CC6C-6EF0-D83A-E022-8CC254641061}.Debug|Any CPU.Build.0 = Debug|Any CPU
		{79B3CC6C-6EF0-D83A-E022-8CC254641061}.Release|Any CPU.ActiveCfg = Release|Any CPU
		{79B3CC6C-6EF0-D83A-E022-8CC254641061}.Release|Any CPU.Build.0 = Release|Any CPU
		{9E113FA1-3563-F9E0-7928-8134CC68510F}.Debug|Any CPU.ActiveCfg = Debug|Any CPU
		{9E113FA1-3563-F9E0-7928-8134CC68510F}.Debug|Any CPU.Build.0 = Debug|Any CPU
		{9E113FA1-3563-F9E0-7928-8134CC68510F}.Release|Any CPU.ActiveCfg = Release|Any CPU
		{9E113FA1-3563-F9E0-7928-8134CC68510F}.Release|Any CPU.Build.0 = Release|Any CPU
		{E4373217-9EDB-034A-C6EA-B59B139B9864}.Debug|Any CPU.ActiveCfg = Debug|Any CPU
		{E4373217-9EDB-034A-C6EA-B59B139B9864}.Debug|Any CPU.Build.0 = Debug|Any CPU
		{E4373217-9EDB-034A-C6EA-B59B139B9864}.Release|Any CPU.ActiveCfg = Release|Any CPU
		{E4373217-9EDB-034A-C6EA-B59B139B9864}.Release|Any CPU.Build.0 = Release|Any CPU
		{A2D4C983-EFE6-4ECA-923F-7B7D1ACEBA89}.Debug|Any CPU.ActiveCfg = Debug|Any CPU
		{A2D4C983-EFE6-4ECA-923F-7B7D1ACEBA89}.Debug|Any CPU.Build.0 = Debug|Any CPU
		{A2D4C983-EFE6-4ECA-923F-7B7D1ACEBA89}.Release|Any CPU.ActiveCfg = Release|Any CPU
		{A2D4C983-EFE6-4ECA-923F-7B7D1ACEBA89}.Release|Any CPU.Build.0 = Release|Any CPU
		{666C0C3A-BEBA-96F7-7A70-A6080C184AAA}.Debug|Any CPU.ActiveCfg = Debug|Any CPU
		{666C0C3A-BEBA-96F7-7A70-A6080C184AAA}.Debug|Any CPU.Build.0 = Debug|Any CPU
		{666C0C3A-BEBA-96F7-7A70-A6080C184AAA}.Release|Any CPU.ActiveCfg = Release|Any CPU
		{666C0C3A-BEBA-96F7-7A70-A6080C184AAA}.Release|Any CPU.Build.0 = Release|Any CPU
		{E11F3503-9961-FDF4-731F-B7B2235C4077}.Debug|Any CPU.ActiveCfg = Debug|Any CPU
		{E11F3503-9961-FDF4-731F-B7B2235C4077}.Debug|Any CPU.Build.0 = Debug|Any CPU
		{E11F3503-9961-FDF4-731F-B7B2235C4077}.Release|Any CPU.ActiveCfg = Release|Any CPU
		{E11F3503-9961-FDF4-731F-B7B2235C4077}.Release|Any CPU.Build.0 = Release|Any CPU
		{4E3B76EE-1575-08A6-B4EA-D1283836104D}.Debug|Any CPU.ActiveCfg = Debug|Any CPU
		{4E3B76EE-1575-08A6-B4EA-D1283836104D}.Debug|Any CPU.Build.0 = Debug|Any CPU
		{4E3B76EE-1575-08A6-B4EA-D1283836104D}.Release|Any CPU.ActiveCfg = Release|Any CPU
		{4E3B76EE-1575-08A6-B4EA-D1283836104D}.Release|Any CPU.Build.0 = Release|Any CPU
		{FFF76EA0-6516-AB6A-E8DC-DA6BBAE25B10}.Debug|Any CPU.ActiveCfg = Debug|Any CPU
		{FFF76EA0-6516-AB6A-E8DC-DA6BBAE25B10}.Debug|Any CPU.Build.0 = Debug|Any CPU
		{FFF76EA0-6516-AB6A-E8DC-DA6BBAE25B10}.Release|Any CPU.ActiveCfg = Release|Any CPU
		{FFF76EA0-6516-AB6A-E8DC-DA6BBAE25B10}.Release|Any CPU.Build.0 = Release|Any CPU
		{AF28EF9C-370A-230D-B9CE-D41A6A6B3647}.Debug|Any CPU.ActiveCfg = Debug|Any CPU
		{AF28EF9C-370A-230D-B9CE-D41A6A6B3647}.Debug|Any CPU.Build.0 = Debug|Any CPU
		{AF28EF9C-370A-230D-B9CE-D41A6A6B3647}.Release|Any CPU.ActiveCfg = Release|Any CPU
		{AF28EF9C-370A-230D-B9CE-D41A6A6B3647}.Release|Any CPU.Build.0 = Release|Any CPU
		{19BCC902-B2F7-1E35-D78C-E7343675B0E5}.Debug|Any CPU.ActiveCfg = Debug|Any CPU
		{19BCC902-B2F7-1E35-D78C-E7343675B0E5}.Debug|Any CPU.Build.0 = Debug|Any CPU
		{19BCC902-B2F7-1E35-D78C-E7343675B0E5}.Release|Any CPU.ActiveCfg = Release|Any CPU
		{19BCC902-B2F7-1E35-D78C-E7343675B0E5}.Release|Any CPU.Build.0 = Release|Any CPU
		{CC73BB37-D559-BF24-583B-64EC30DAD7A0}.Debug|Any CPU.ActiveCfg = Debug|Any CPU
		{CC73BB37-D559-BF24-583B-64EC30DAD7A0}.Debug|Any CPU.Build.0 = Debug|Any CPU
		{CC73BB37-D559-BF24-583B-64EC30DAD7A0}.Release|Any CPU.ActiveCfg = Release|Any CPU
		{CC73BB37-D559-BF24-583B-64EC30DAD7A0}.Release|Any CPU.Build.0 = Release|Any CPU
		{670BD055-3155-FDCF-BD69-156ADABF9629}.Debug|Any CPU.ActiveCfg = Debug|Any CPU
		{670BD055-3155-FDCF-BD69-156ADABF9629}.Debug|Any CPU.Build.0 = Debug|Any CPU
		{670BD055-3155-FDCF-BD69-156ADABF9629}.Release|Any CPU.ActiveCfg = Release|Any CPU
		{670BD055-3155-FDCF-BD69-156ADABF9629}.Release|Any CPU.Build.0 = Release|Any CPU
		{0CC4AED3-D29F-46B3-139C-6583BFC7CC2A}.Debug|Any CPU.ActiveCfg = Debug|Any CPU
		{0CC4AED3-D29F-46B3-139C-6583BFC7CC2A}.Debug|Any CPU.Build.0 = Debug|Any CPU
		{0CC4AED3-D29F-46B3-139C-6583BFC7CC2A}.Release|Any CPU.ActiveCfg = Release|Any CPU
		{0CC4AED3-D29F-46B3-139C-6583BFC7CC2A}.Release|Any CPU.Build.0 = Release|Any CPU
		{1D306926-3E70-BE4E-F213-9668695028C0}.Debug|Any CPU.ActiveCfg = Debug|Any CPU
		{1D306926-3E70-BE4E-F213-9668695028C0}.Debug|Any CPU.Build.0 = Debug|Any CPU
		{1D306926-3E70-BE4E-F213-9668695028C0}.Release|Any CPU.ActiveCfg = Release|Any CPU
		{1D306926-3E70-BE4E-F213-9668695028C0}.Release|Any CPU.Build.0 = Release|Any CPU
		{4BA6A022-2825-1B8E-576F-A02BAA364BF2}.Debug|Any CPU.ActiveCfg = Debug|Any CPU
		{4BA6A022-2825-1B8E-576F-A02BAA364BF2}.Debug|Any CPU.Build.0 = Debug|Any CPU
		{4BA6A022-2825-1B8E-576F-A02BAA364BF2}.Release|Any CPU.ActiveCfg = Release|Any CPU
		{4BA6A022-2825-1B8E-576F-A02BAA364BF2}.Release|Any CPU.Build.0 = Release|Any CPU
		{467D07FE-4DC4-C1F9-A278-2E6C747CADFB}.Debug|Any CPU.ActiveCfg = Debug|Any CPU
		{467D07FE-4DC4-C1F9-A278-2E6C747CADFB}.Debug|Any CPU.Build.0 = Debug|Any CPU
		{467D07FE-4DC4-C1F9-A278-2E6C747CADFB}.Release|Any CPU.ActiveCfg = Release|Any CPU
		{467D07FE-4DC4-C1F9-A278-2E6C747CADFB}.Release|Any CPU.Build.0 = Release|Any CPU
		{85A18738-30E2-067E-35DE-EFA72F2B64D8}.Debug|Any CPU.ActiveCfg = Debug|Any CPU
		{85A18738-30E2-067E-35DE-EFA72F2B64D8}.Debug|Any CPU.Build.0 = Debug|Any CPU
		{85A18738-30E2-067E-35DE-EFA72F2B64D8}.Release|Any CPU.ActiveCfg = Release|Any CPU
		{85A18738-30E2-067E-35DE-EFA72F2B64D8}.Release|Any CPU.Build.0 = Release|Any CPU
		{B23C40BF-E401-080C-B8ED-4DC6DA04E274}.Debug|Any CPU.ActiveCfg = Debug|Any CPU
		{B23C40BF-E401-080C-B8ED-4DC6DA04E274}.Debug|Any CPU.Build.0 = Debug|Any CPU
		{B23C40BF-E401-080C-B8ED-4DC6DA04E274}.Release|Any CPU.ActiveCfg = Release|Any CPU
		{B23C40BF-E401-080C-B8ED-4DC6DA04E274}.Release|Any CPU.Build.0 = Release|Any CPU
		{60F60529-C3B0-DB3E-3AC1-FA12F22B45CC}.Debug|Any CPU.ActiveCfg = Debug|Any CPU
		{60F60529-C3B0-DB3E-3AC1-FA12F22B45CC}.Debug|Any CPU.Build.0 = Debug|Any CPU
		{60F60529-C3B0-DB3E-3AC1-FA12F22B45CC}.Release|Any CPU.ActiveCfg = Release|Any CPU
		{60F60529-C3B0-DB3E-3AC1-FA12F22B45CC}.Release|Any CPU.Build.0 = Release|Any CPU
		{0313122B-A32E-68A6-5665-08DD4FB3288C}.Debug|Any CPU.ActiveCfg = Debug|Any CPU
		{0313122B-A32E-68A6-5665-08DD4FB3288C}.Debug|Any CPU.Build.0 = Debug|Any CPU
		{0313122B-A32E-68A6-5665-08DD4FB3288C}.Release|Any CPU.ActiveCfg = Release|Any CPU
		{0313122B-A32E-68A6-5665-08DD4FB3288C}.Release|Any CPU.Build.0 = Release|Any CPU
		{46B7FA3E-7B5D-7A46-8372-503EC643DACE}.Debug|Any CPU.ActiveCfg = Debug|Any CPU
		{46B7FA3E-7B5D-7A46-8372-503EC643DACE}.Debug|Any CPU.Build.0 = Debug|Any CPU
		{46B7FA3E-7B5D-7A46-8372-503EC643DACE}.Release|Any CPU.ActiveCfg = Release|Any CPU
		{46B7FA3E-7B5D-7A46-8372-503EC643DACE}.Release|Any CPU.Build.0 = Release|Any CPU
		{FB845B58-5D0B-F59F-AF82-CCD590D6835C}.Debug|Any CPU.ActiveCfg = Debug|Any CPU
		{FB845B58-5D0B-F59F-AF82-CCD590D6835C}.Debug|Any CPU.Build.0 = Debug|Any CPU
		{FB845B58-5D0B-F59F-AF82-CCD590D6835C}.Release|Any CPU.ActiveCfg = Release|Any CPU
		{FB845B58-5D0B-F59F-AF82-CCD590D6835C}.Release|Any CPU.Build.0 = Release|Any CPU
		{248E1110-929A-4A55-4CB5-83E5746D01E4}.Debug|Any CPU.ActiveCfg = Debug|Any CPU
		{248E1110-929A-4A55-4CB5-83E5746D01E4}.Debug|Any CPU.Build.0 = Debug|Any CPU
		{248E1110-929A-4A55-4CB5-83E5746D01E4}.Release|Any CPU.ActiveCfg = Release|Any CPU
		{248E1110-929A-4A55-4CB5-83E5746D01E4}.Release|Any CPU.Build.0 = Release|Any CPU
		{0D77EE21-527E-F32C-2615-38A7C62B24E8}.Debug|Any CPU.ActiveCfg = Debug|Any CPU
		{0D77EE21-527E-F32C-2615-38A7C62B24E8}.Debug|Any CPU.Build.0 = Debug|Any CPU
		{0D77EE21-527E-F32C-2615-38A7C62B24E8}.Release|Any CPU.ActiveCfg = Release|Any CPU
		{0D77EE21-527E-F32C-2615-38A7C62B24E8}.Release|Any CPU.Build.0 = Release|Any CPU
		{6918267F-D76D-D772-086F-2E7149CDAA67}.Debug|Any CPU.ActiveCfg = Debug|Any CPU
		{6918267F-D76D-D772-086F-2E7149CDAA67}.Debug|Any CPU.Build.0 = Debug|Any CPU
		{6918267F-D76D-D772-086F-2E7149CDAA67}.Release|Any CPU.ActiveCfg = Release|Any CPU
		{6918267F-D76D-D772-086F-2E7149CDAA67}.Release|Any CPU.Build.0 = Release|Any CPU
		{D77941C3-476E-3172-5852-770F1FFAE3CD}.Debug|Any CPU.ActiveCfg = Debug|Any CPU
		{D77941C3-476E-3172-5852-770F1FFAE3CD}.Debug|Any CPU.Build.0 = Debug|Any CPU
		{D77941C3-476E-3172-5852-770F1FFAE3CD}.Release|Any CPU.ActiveCfg = Release|Any CPU
		{D77941C3-476E-3172-5852-770F1FFAE3CD}.Release|Any CPU.Build.0 = Release|Any CPU
		{BA4983D2-9D92-C638-5127-CE2CA8EDC8BD}.Debug|Any CPU.ActiveCfg = Debug|Any CPU
		{BA4983D2-9D92-C638-5127-CE2CA8EDC8BD}.Debug|Any CPU.Build.0 = Debug|Any CPU
		{BA4983D2-9D92-C638-5127-CE2CA8EDC8BD}.Release|Any CPU.ActiveCfg = Release|Any CPU
		{BA4983D2-9D92-C638-5127-CE2CA8EDC8BD}.Release|Any CPU.Build.0 = Release|Any CPU
		{DFCDA417-0B00-A2B2-8192-B4CD73F582D1}.Debug|Any CPU.ActiveCfg = Debug|Any CPU
		{DFCDA417-0B00-A2B2-8192-B4CD73F582D1}.Debug|Any CPU.Build.0 = Debug|Any CPU
		{DFCDA417-0B00-A2B2-8192-B4CD73F582D1}.Release|Any CPU.ActiveCfg = Release|Any CPU
		{DFCDA417-0B00-A2B2-8192-B4CD73F582D1}.Release|Any CPU.Build.0 = Release|Any CPU
		{F4B586B5-D01F-225D-F9D1-4869BFAD48B5}.Debug|Any CPU.ActiveCfg = Debug|Any CPU
		{F4B586B5-D01F-225D-F9D1-4869BFAD48B5}.Debug|Any CPU.Build.0 = Debug|Any CPU
		{F4B586B5-D01F-225D-F9D1-4869BFAD48B5}.Release|Any CPU.ActiveCfg = Release|Any CPU
		{F4B586B5-D01F-225D-F9D1-4869BFAD48B5}.Release|Any CPU.Build.0 = Release|Any CPU
		{95D14D9F-327F-FB65-92E5-956BDAE13DEE}.Debug|Any CPU.ActiveCfg = Debug|Any CPU
		{95D14D9F-327F-FB65-92E5-956BDAE13DEE}.Debug|Any CPU.Build.0 = Debug|Any CPU
		{95D14D9F-327F-FB65-92E5-956BDAE13DEE}.Release|Any CPU.ActiveCfg = Release|Any CPU
		{95D14D9F-327F-FB65-92E5-956BDAE13DEE}.Release|Any CPU.Build.0 = Release|Any CPU
		{B3671B99-5F1F-C867-C2E1-64551284B877}.Debug|Any CPU.ActiveCfg = Debug|Any CPU
		{B3671B99-5F1F-C867-C2E1-64551284B877}.Debug|Any CPU.Build.0 = Debug|Any CPU
		{B3671B99-5F1F-C867-C2E1-64551284B877}.Release|Any CPU.ActiveCfg = Release|Any CPU
		{B3671B99-5F1F-C867-C2E1-64551284B877}.Release|Any CPU.Build.0 = Release|Any CPU
		{5B2895B8-75DA-6C75-91A3-54F7E425712B}.Debug|Any CPU.ActiveCfg = Debug|Any CPU
		{5B2895B8-75DA-6C75-91A3-54F7E425712B}.Debug|Any CPU.Build.0 = Debug|Any CPU
		{5B2895B8-75DA-6C75-91A3-54F7E425712B}.Release|Any CPU.ActiveCfg = Release|Any CPU
		{5B2895B8-75DA-6C75-91A3-54F7E425712B}.Release|Any CPU.Build.0 = Release|Any CPU
		{760B00E2-0D89-2325-296E-74B2A0A86CDB}.Debug|Any CPU.ActiveCfg = Debug|Any CPU
		{760B00E2-0D89-2325-296E-74B2A0A86CDB}.Debug|Any CPU.Build.0 = Debug|Any CPU
		{760B00E2-0D89-2325-296E-74B2A0A86CDB}.Release|Any CPU.ActiveCfg = Release|Any CPU
		{760B00E2-0D89-2325-296E-74B2A0A86CDB}.Release|Any CPU.Build.0 = Release|Any CPU
		{6AC1C8C5-AA92-A5C1-EC49-C0C889142675}.Debug|Any CPU.ActiveCfg = Debug|Any CPU
		{6AC1C8C5-AA92-A5C1-EC49-C0C889142675}.Debug|Any CPU.Build.0 = Debug|Any CPU
		{6AC1C8C5-AA92-A5C1-EC49-C0C889142675}.Release|Any CPU.ActiveCfg = Release|Any CPU
		{6AC1C8C5-AA92-A5C1-EC49-C0C889142675}.Release|Any CPU.Build.0 = Release|Any CPU
		{CCA88839-C3A2-B7A1-208E-26B85D18D862}.Debug|Any CPU.ActiveCfg = Debug|Any CPU
		{CCA88839-C3A2-B7A1-208E-26B85D18D862}.Debug|Any CPU.Build.0 = Debug|Any CPU
		{CCA88839-C3A2-B7A1-208E-26B85D18D862}.Release|Any CPU.ActiveCfg = Release|Any CPU
		{CCA88839-C3A2-B7A1-208E-26B85D18D862}.Release|Any CPU.Build.0 = Release|Any CPU
		{FE17B50A-6649-0530-779F-5C3592B1ABC2}.Debug|Any CPU.ActiveCfg = Debug|Any CPU
		{FE17B50A-6649-0530-779F-5C3592B1ABC2}.Debug|Any CPU.Build.0 = Debug|Any CPU
		{FE17B50A-6649-0530-779F-5C3592B1ABC2}.Release|Any CPU.ActiveCfg = Release|Any CPU
		{FE17B50A-6649-0530-779F-5C3592B1ABC2}.Release|Any CPU.Build.0 = Release|Any CPU
		{B5D8AB44-B33C-22D8-118F-C847ECFC3885}.Debug|Any CPU.ActiveCfg = Debug|Any CPU
		{B5D8AB44-B33C-22D8-118F-C847ECFC3885}.Debug|Any CPU.Build.0 = Debug|Any CPU
		{B5D8AB44-B33C-22D8-118F-C847ECFC3885}.Release|Any CPU.ActiveCfg = Release|Any CPU
		{B5D8AB44-B33C-22D8-118F-C847ECFC3885}.Release|Any CPU.Build.0 = Release|Any CPU
		{97D6B7E5-5FB8-C5F7-4A5C-F1E5AAF12568}.Debug|Any CPU.ActiveCfg = Debug|Any CPU
		{97D6B7E5-5FB8-C5F7-4A5C-F1E5AAF12568}.Debug|Any CPU.Build.0 = Debug|Any CPU
		{97D6B7E5-5FB8-C5F7-4A5C-F1E5AAF12568}.Release|Any CPU.ActiveCfg = Release|Any CPU
		{97D6B7E5-5FB8-C5F7-4A5C-F1E5AAF12568}.Release|Any CPU.Build.0 = Release|Any CPU
		{41872CD3-F9DE-040A-9661-1F2703BC66B0}.Debug|Any CPU.ActiveCfg = Debug|Any CPU
		{41872CD3-F9DE-040A-9661-1F2703BC66B0}.Debug|Any CPU.Build.0 = Debug|Any CPU
		{41872CD3-F9DE-040A-9661-1F2703BC66B0}.Release|Any CPU.ActiveCfg = Release|Any CPU
		{41872CD3-F9DE-040A-9661-1F2703BC66B0}.Release|Any CPU.Build.0 = Release|Any CPU
		{7E1E3804-E08C-532D-74F4-D3FDA207AF11}.Debug|Any CPU.ActiveCfg = Debug|Any CPU
		{7E1E3804-E08C-532D-74F4-D3FDA207AF11}.Debug|Any CPU.Build.0 = Debug|Any CPU
		{7E1E3804-E08C-532D-74F4-D3FDA207AF11}.Release|Any CPU.ActiveCfg = Release|Any CPU
		{7E1E3804-E08C-532D-74F4-D3FDA207AF11}.Release|Any CPU.Build.0 = Release|Any CPU
		{7940FEEF-5A59-593B-13D0-A96242556AD4}.Debug|Any CPU.ActiveCfg = Debug|Any CPU
		{7940FEEF-5A59-593B-13D0-A96242556AD4}.Debug|Any CPU.Build.0 = Debug|Any CPU
		{7940FEEF-5A59-593B-13D0-A96242556AD4}.Release|Any CPU.ActiveCfg = Release|Any CPU
		{7940FEEF-5A59-593B-13D0-A96242556AD4}.Release|Any CPU.Build.0 = Release|Any CPU
		{A94DF6FC-B089-0660-14E5-F348C0993588}.Debug|Any CPU.ActiveCfg = Debug|Any CPU
		{A94DF6FC-B089-0660-14E5-F348C0993588}.Debug|Any CPU.Build.0 = Debug|Any CPU
		{A94DF6FC-B089-0660-14E5-F348C0993588}.Release|Any CPU.ActiveCfg = Release|Any CPU
		{A94DF6FC-B089-0660-14E5-F348C0993588}.Release|Any CPU.Build.0 = Release|Any CPU
		{5A442F09-2D25-0822-37A1-84B9C6422664}.Debug|Any CPU.ActiveCfg = Debug|Any CPU
		{5A442F09-2D25-0822-37A1-84B9C6422664}.Debug|Any CPU.Build.0 = Debug|Any CPU
		{5A442F09-2D25-0822-37A1-84B9C6422664}.Release|Any CPU.ActiveCfg = Release|Any CPU
		{5A442F09-2D25-0822-37A1-84B9C6422664}.Release|Any CPU.Build.0 = Release|Any CPU
		{1CAE1483-5E85-E023-D279-DD6FD4259C27}.Debug|Any CPU.ActiveCfg = Debug|Any CPU
		{1CAE1483-5E85-E023-D279-DD6FD4259C27}.Debug|Any CPU.Build.0 = Debug|Any CPU
		{1CAE1483-5E85-E023-D279-DD6FD4259C27}.Release|Any CPU.ActiveCfg = Release|Any CPU
		{1CAE1483-5E85-E023-D279-DD6FD4259C27}.Release|Any CPU.Build.0 = Release|Any CPU
		{0D74CC75-D605-D422-C8B0-6FD5D3C182C3}.Debug|Any CPU.ActiveCfg = Debug|Any CPU
		{0D74CC75-D605-D422-C8B0-6FD5D3C182C3}.Debug|Any CPU.Build.0 = Debug|Any CPU
		{0D74CC75-D605-D422-C8B0-6FD5D3C182C3}.Release|Any CPU.ActiveCfg = Release|Any CPU
		{0D74CC75-D605-D422-C8B0-6FD5D3C182C3}.Release|Any CPU.Build.0 = Release|Any CPU
	EndGlobalSection
	GlobalSection(SolutionProperties) = preSolution
		HideSolutionNode = FALSE
	EndGlobalSection
EndGlobal
